split:
  cmd: python -m spacy run split
  script:
    - python scripts/split_data.py assets/features.csv assets/train.json assets/val.json
      0.7
  deps:
    - path: assets/features.csv
      md5: b9f521e11e965d5e3fae0708a811d1dd
    - path: scripts/split_data.py
      md5: b8915ce8dfcf5b10bf145291cd131a23
  outs:
    - path: assets/train.json
      md5: 562f0d9c1785bb636e0d91009679a5dd
    - path: assets/val.json
      md5: 85e91ed71374a7628c021d05533f1964
  spacy_version: 3.4.0
  spacy_git_version: d583626a8
convert:
  cmd: python -m spacy run convert
  script:
    - python scripts/convert.py es assets/train.json corpus/train.spacy
    - python scripts/convert.py es assets/val.json corpus/val.spacy
  deps:
    - path: assets/train.json
      md5: 562f0d9c1785bb636e0d91009679a5dd
    - path: assets/val.json
      md5: 85e91ed71374a7628c021d05533f1964
    - path: scripts/convert.py
      md5: 225ba70044cf8d56247afeacdc6aa38e
  outs:
    - path: corpus/train.spacy
      md5: 48badc042ef535fe44fdc0e061e16405
    - path: corpus/val.spacy
      md5: b78f96000fcf92999ea73949be3ca3e3
  spacy_version: 3.4.0
  spacy_git_version: d583626a8
setup:
  cmd: python -m spacy run setup
  script:
    - python setup.py
  deps:
    - path: setup.py
      md5: dc76a8513161224a98b17dae1e1f74a1
  outs: []
  spacy_version: 3.4.0
  spacy_git_version: d583626a8
create-config:
  cmd: python -m spacy run create-config
  script:
    - python -m spacy init fill-config configs/base_config.cfg configs/config.cfg
  deps:
    - path: configs/base_config.cfg
      md5: ebae7a6bbdfbdaf96354ff542d562d5e
  outs:
    - path: configs/config.cfg
      md5: 1c5164a2bd1bd779f812ab8a3fc6247f
  spacy_version: 3.4.0
  spacy_git_version: d583626a8
train:
  cmd: python -m spacy run train
  script:
    - python -m spacy train configs/config.cfg --output out --paths.dev corpus/val.spacy
      --paths.train corpus/train.spacy --training.eval_frequency 10 --training.max_steps
      1000 --training.patience 50 --gpu-id 0
  deps:
    - path: configs/config.cfg
      md5: 03cdb8463a93022d7f718a016fa00496
    - path: assets/train.json
      md5: 562f0d9c1785bb636e0d91009679a5dd
    - path: assets/val.json
      md5: 85e91ed71374a7628c021d05533f1964
  outs:
    - path: out/model-best
      md5: 8a582dfd45e48601dc397802a77225c4
  spacy_version: 3.4.0
  spacy_git_version: d583626a8
evaluate:
  cmd: python -m spacy run evaluate
  script:
    - python -m spacy evaluate out/model-best corpus/val.spacy --output out/metrics.json
      --gpu-id 0
  deps:
    - path: out/model-best
      md5: 206dab49bcf2b4a9f130182642c90d3c
    - path: assets/val.json
      md5: 85e91ed71374a7628c021d05533f1964
  outs:
    - path: out/metrics.json
      md5: b6ba0ae658d8f603d132ad7074003d77
  spacy_version: 3.4.0
  spacy_git_version: d583626a8
package:
  cmd: python -m spacy run package
  script:
    - python -m spacy package out/model-best packages --name yoda_ner --version 0.0.1
      --force
  deps:
    - path: out/model-best
      md5: 5930dfa74f35e2316a685e20474ab779
  outs:
    - path: packages/es_yoda_ner-0.0.1/dist/es_yoda_ner-0.0.1.tar.gz
      md5: 398a53740050ecb8726cb0c400ac6291
  spacy_version: 3.4.0
  spacy_git_version: d583626a8
