split:
  cmd: python -m spacy run split
  script:
    - python scripts/split_data.py assets/features_size_color.csv assets/train.json
      assets/val.json 0.7
  deps:
    - path: assets/features_size_color.csv
      md5: 4fc26018baab340ba1875a6f58375d5e
    - path: scripts/split_data.py
      md5: 04835d1993930fff29004d9f17c03a2c
  outs:
    - path: assets/train.json
      md5: e79773114d0f31d7540b0e365eef4fcb
    - path: assets/val.json
      md5: d1d9c50f81cf9af6ed4cc1fe82a6fd70
  spacy_version: 3.4.0
  spacy_git_version: d583626a8
convert:
  cmd: python -m spacy run convert
  script:
    - python scripts/convert.py es assets/train.json corpus/train.spacy
    - python scripts/convert.py es assets/val.json corpus/val.spacy
  deps:
    - path: assets/train.json
      md5: e79773114d0f31d7540b0e365eef4fcb
    - path: assets/val.json
      md5: d1d9c50f81cf9af6ed4cc1fe82a6fd70
    - path: scripts/convert.py
      md5: 761309f980cf9a9887de631049c54363
  outs:
    - path: corpus/train.spacy
      md5: f11925b48987420aa59447a0f0777fe3
    - path: corpus/val.spacy
      md5: 01ba6c2b01518ce6d3a0cba5a77ee818
  spacy_version: 3.4.0
  spacy_git_version: d583626a8
setup:
  cmd: python -m spacy run setup
  script:
    - python setup.py
  deps:
    - path: setup.py
      md5: dc76a8513161224a98b17dae1e1f74a1
  outs: []
  spacy_version: 3.4.0
  spacy_git_version: d583626a8
create-config:
  cmd: python -m spacy run create-config
  script:
    - python -m spacy init fill-config configs/base_config.cfg configs/config.cfg
  deps:
    - path: configs/base_config.cfg
      md5: ebae7a6bbdfbdaf96354ff542d562d5e
  outs:
    - path: configs/config.cfg
      md5: 1c5164a2bd1bd779f812ab8a3fc6247f
  spacy_version: 3.4.0
  spacy_git_version: d583626a8
train:
  cmd: python -m spacy run train
  script:
    - python -m spacy train configs/config.cfg --output out --paths.dev corpus/val.spacy
      --paths.train corpus/train.spacy --training.eval_frequency 10 --training.max_steps
      1000 --training.patience 200 --gpu-id 0
  deps:
    - path: configs/config.cfg
      md5: 1c5164a2bd1bd779f812ab8a3fc6247f
    - path: assets/train.json
      md5: 562f0d9c1785bb636e0d91009679a5dd
    - path: assets/val.json
      md5: 85e91ed71374a7628c021d05533f1964
  outs:
    - path: out/model-best
      md5: a199c25537d4100a273af29820dde285
  spacy_version: 3.4.0
  spacy_git_version: d583626a8
evaluate:
  cmd: python -m spacy run evaluate
  script:
    - python -m spacy evaluate out/model-best corpus/val.spacy --output out/metrics.json
      --gpu-id 0
  deps:
    - path: out/model-best
      md5: a199c25537d4100a273af29820dde285
    - path: assets/val.json
      md5: 85e91ed71374a7628c021d05533f1964
  outs:
    - path: out/metrics.json
      md5: 888d860bb81da17a48a6950b7bf021ec
  spacy_version: 3.4.0
  spacy_git_version: d583626a8
package:
  cmd: python -m spacy run package
  script:
    - python -m spacy package out/model-best packages --name yoda_ner --version 0.0.1
      --force
  deps:
    - path: out/model-best
      md5: 5930dfa74f35e2316a685e20474ab779
  outs:
    - path: packages/es_yoda_ner-0.0.1/dist/es_yoda_ner-0.0.1.tar.gz
      md5: 398a53740050ecb8726cb0c400ac6291
  spacy_version: 3.4.0
  spacy_git_version: d583626a8
config:
  cmd: python -m spacy run config
  script:
    - python -m spacy init fill-config configs/base_config.cfg configs/config.cfg
  deps:
    - path: configs/base_config.cfg
      md5: f0960f3949e3451f35f567af9eb36d37
  outs:
    - path: configs/config.cfg
      md5: 5132b2f203aae41497ba61aab3366b65
  spacy_version: 3.4.0
  spacy_git_version: d583626a8
