split:
  cmd: python -m spacy run split
  script:
    - python scripts/split_data.py data/augmented.csv data/splits/train.json data/splits/val.json
      0.8
  deps:
    - path: data/augmented.csv
      md5: 941f4bd2801da6ba6b73e3f7bc86e37d
    - path: scripts/split_data.py
      md5: a8333e68703e59d9f5578d294eb5d63f
  outs:
    - path: data/splits/train.json
      md5: 40b5cbe3de7bc6580e7c9f6f07293245
    - path: data/splits/val.json
      md5: 0ca2ef259e26c49e27c828f1da384595
  spacy_version: 3.4.1
  spacy_git_version: 5c2a00cef
convert:
  cmd: python -m spacy run convert
  script:
    - python scripts/convert.py es data/splits/train.json corpus/train.spacy
    - python scripts/convert.py es data/splits/val.json corpus/val.spacy
  deps:
    - path: data/splits/train.json
      md5: 40b5cbe3de7bc6580e7c9f6f07293245
    - path: data/splits/val.json
      md5: 0ca2ef259e26c49e27c828f1da384595
    - path: scripts/convert.py
      md5: b389f5db2c5d44cfcf294069fc2fd7ce
  outs:
    - path: corpus/train.spacy
      md5: 478cc4d27d3f68110cafd2c4ddf676a6
    - path: corpus/val.spacy
      md5: 74efb74c94e92130b6d4c3f601b19f53
  spacy_version: 3.4.1
  spacy_git_version: 5c2a00cef
setup:
  cmd: python -m spacy run setup
  script:
    - python setup.py
  deps:
    - path: setup.py
      md5: dc76a8513161224a98b17dae1e1f74a1
  outs: []
  spacy_version: 3.4.0
  spacy_git_version: d583626a8
create-config:
  cmd: python -m spacy run create-config
  script:
    - python -m spacy init fill-config configs/base_config.cfg configs/config.cfg
  deps:
    - path: configs/base_config.cfg
      md5: ebae7a6bbdfbdaf96354ff542d562d5e
  outs:
    - path: configs/config.cfg
      md5: 1c5164a2bd1bd779f812ab8a3fc6247f
  spacy_version: 3.4.0
  spacy_git_version: d583626a8
train:
  cmd: python -m spacy run train
  script:
    - python -m spacy train configs/config.cfg --output out --paths.dev corpus/val.spacy
      --paths.train corpus/train.spacy --training.eval_frequency 1 --training.max_steps
      10 --training.patience 5 --gpu-id 0
  deps:
    - path: configs/config.cfg
      md5: 031f77beb1aa1d4993ce95d28793488a
    - path: data/splits/train.json
      md5: 40b5cbe3de7bc6580e7c9f6f07293245
    - path: data/splits/val.json
      md5: 0ca2ef259e26c49e27c828f1da384595
  outs:
    - path: out/model-best
      md5: f107d6d09afa9b63ac357a27cef8c062
  spacy_version: 3.4.1
  spacy_git_version: 5c2a00cef
evaluate:
  cmd: python -m spacy run evaluate
  script:
    - python -m spacy evaluate out/model-best corpus/val.spacy --output out/metrics.json
      --gpu-id 0
  deps:
    - path: out/model-best
      md5: b6957251988f5ba569f1c8b494b6fd61
    - path: assets/products/val.json
      md5: 8cc20f642d1d69dd6072319642aff47a
  outs:
    - path: out/metrics.json
      md5: f8cdcc0535b654b26cb3dd2971877e40
  spacy_version: 3.4.1
  spacy_git_version: 5c2a00cef
package:
  cmd: python -m spacy run package
  script:
    - python -m spacy package out/model-best packages --name yoda_ner --version 0.0.3
      --force
  deps:
    - path: out/model-best
      md5: 276ab97b4b184262a808bdc9f19ba316
  outs:
    - path: packages/es_yoda_ner-0.0.3/dist/es_yoda_ner-0.0.3.tar.gz
      md5: b5039e0c8e3eb40570d38eb98906fa80
  spacy_version: 3.4.0
  spacy_git_version: d583626a8
config:
  cmd: python -m spacy run config
  script:
    - python -m spacy init fill-config configs/base_config.cfg configs/config.cfg
  deps:
    - path: configs/base_config.cfg
      md5: 7241e829136edcf204e1c1bac1b07d09
  outs:
    - path: configs/config.cfg
      md5: 031f77beb1aa1d4993ce95d28793488a
  spacy_version: 3.4.1
  spacy_git_version: 5c2a00cef
train-with-vectors:
  cmd: python -m spacy run train-with-vectors
  script:
    - python -m spacy train configs/config.cfg --output out --paths.dev corpus/val.spacy
      --paths.train corpus/train.spacy --training.eval_frequency 10 --training.max_steps
      2000 --training.patience 100 --gpu-id 0 --initialize.vectors es_dep_news_trf
      --components.tok2vec.model.embed.include_static_vectors true
  deps:
    - path: configs/config.cfg
      md5: eab925bbd2ea6831acf9abd976b264a9
    - path: assets/train.json
      md5: 22a5b70691270fb575f3924be2ac6536
    - path: assets/val.json
      md5: 6fb0bd9c8ad7c5abfe6060954e9edc0b
  outs:
    - path: out/model-best
      md5: 39a30f23f586d4c5069248977895e427
  spacy_version: 3.4.0
  spacy_git_version: d583626a8
