split:
  cmd: python -m spacy run split
  script:
    - python scripts/split_data.py assets/products/features_size_color.csv assets/products/train.json
      assets/products/val.json 0.8
  deps:
    - path: assets/products/features_size_color.csv
      md5: a6fb538f3f3ef5e28af22c513cacce90
    - path: scripts/split_data.py
      md5: ba684d5298b2d122d8c2d1bdb20da40f
  outs:
    - path: assets/products/train.json
      md5: 7cbe0e3b4e2da4faf083ce1b4a0bc5a7
    - path: assets/products/val.json
      md5: 70f336da15c4898078dee81ebf20c5e0
  spacy_version: 3.4.0
  spacy_git_version: d583626a8
convert:
  cmd: python -m spacy run convert
  script:
    - python scripts/convert.py es assets/products/train.json corpus/train.spacy
    - python scripts/convert.py es assets/products/val.json corpus/val.spacy
  deps:
    - path: assets/products/train.json
      md5: 7cbe0e3b4e2da4faf083ce1b4a0bc5a7
    - path: assets/products/val.json
      md5: 70f336da15c4898078dee81ebf20c5e0
    - path: scripts/convert.py
      md5: 615662cc5af0c87f9317ed862a27197b
  outs:
    - path: corpus/train.spacy
      md5: ca96a5fd338e5f020a6f76863adfdf27
    - path: corpus/val.spacy
      md5: 1aacb5344085e1ef828e4041871e91cd
  spacy_version: 3.4.0
  spacy_git_version: d583626a8
setup:
  cmd: python -m spacy run setup
  script:
    - python setup.py
  deps:
    - path: setup.py
      md5: dc76a8513161224a98b17dae1e1f74a1
  outs: []
  spacy_version: 3.4.0
  spacy_git_version: d583626a8
create-config:
  cmd: python -m spacy run create-config
  script:
    - python -m spacy init fill-config configs/base_config.cfg configs/config.cfg
  deps:
    - path: configs/base_config.cfg
      md5: ebae7a6bbdfbdaf96354ff542d562d5e
  outs:
    - path: configs/config.cfg
      md5: 1c5164a2bd1bd779f812ab8a3fc6247f
  spacy_version: 3.4.0
  spacy_git_version: d583626a8
train:
  cmd: python -m spacy run train
  script:
    - python -m spacy train configs/config.cfg --output out --paths.dev corpus/val.spacy
      --paths.train corpus/train.spacy --training.eval_frequency 10 --training.max_steps
      200 --training.patience 100 --gpu-id 0
  deps:
    - path: configs/config.cfg
      md5: f1079607b6f50bc4820605e9cc3b83ed
    - path: assets/products/train.json
      md5: 7cbe0e3b4e2da4faf083ce1b4a0bc5a7
    - path: assets/products/val.json
      md5: 70f336da15c4898078dee81ebf20c5e0
  outs:
    - path: out/model-best
      md5: e5fe6147149caab863f1cd2635d901d6
  spacy_version: 3.4.0
  spacy_git_version: d583626a8
evaluate:
  cmd: python -m spacy run evaluate
  script:
    - python -m spacy evaluate out/model-best corpus/val.spacy --output out/metrics.json
      --gpu-id 0
  deps:
    - path: out/model-best
      md5: e5fe6147149caab863f1cd2635d901d6
    - path: assets/products/val.json
      md5: 70f336da15c4898078dee81ebf20c5e0
  outs:
    - path: out/metrics.json
      md5: ef6c4c98953ffcfad880e86a4ac57b96
  spacy_version: 3.4.0
  spacy_git_version: d583626a8
package:
  cmd: python -m spacy run package
  script:
    - python -m spacy package out/model-best packages --name yoda_ner --version 0.0.3
      --force
  deps:
    - path: out/model-best
      md5: 276ab97b4b184262a808bdc9f19ba316
  outs:
    - path: packages/es_yoda_ner-0.0.3/dist/es_yoda_ner-0.0.3.tar.gz
      md5: b5039e0c8e3eb40570d38eb98906fa80
  spacy_version: 3.4.0
  spacy_git_version: d583626a8
config:
  cmd: python -m spacy run config
  script:
    - python -m spacy init fill-config configs/base_config.cfg configs/config.cfg
  deps:
    - path: configs/base_config.cfg
      md5: 7e954512579608b306d9f3052e1993d7
  outs:
    - path: configs/config.cfg
      md5: f1079607b6f50bc4820605e9cc3b83ed
  spacy_version: 3.4.0
  spacy_git_version: d583626a8
train-with-vectors:
  cmd: python -m spacy run train-with-vectors
  script:
    - python -m spacy train configs/config.cfg --output out --paths.dev corpus/val.spacy
      --paths.train corpus/train.spacy --training.eval_frequency 10 --training.max_steps
      2000 --training.patience 100 --gpu-id 0 --initialize.vectors es_dep_news_trf
      --components.tok2vec.model.embed.include_static_vectors true
  deps:
    - path: configs/config.cfg
      md5: eab925bbd2ea6831acf9abd976b264a9
    - path: assets/train.json
      md5: 22a5b70691270fb575f3924be2ac6536
    - path: assets/val.json
      md5: 6fb0bd9c8ad7c5abfe6060954e9edc0b
  outs:
    - path: out/model-best
      md5: 39a30f23f586d4c5069248977895e427
  spacy_version: 3.4.0
  spacy_git_version: d583626a8
